<Solution>
  <Folder Name="/BuildingBlocks/">
    <Project Path="BuildingBlocks/Blocks.Domain/Blocks.Domain.csproj" Id="fd6851c2-e511-4929-a7fc-d2ee0676b2b3" />
  </Folder>
  <Folder Name="/Services/" />
  <Folder Name="/Services/Address &amp; Store Coverage/">
    <Project Path="Address &amp; Store Coverage Service/Address &amp; Store Coverage Service.csproj" />
  </Folder>
  <Folder Name="/Services/Cart/">
    <Project Path="Cart Service/Cart Service.csproj" />
  </Folder>
  <Folder Name="/Services/Catalog/">
    <Project Path="Catalog Service/Catalog Service.csproj" />
  </Folder>
  <Folder Name="/Services/Identity/">
    <Project Path="Services/Identity/Identity.Api/Identity.Api.csproj" Id="80c7f5fd-c114-4f58-96e0-fc6540c94bb4" />
    <Project Path="Services/Identity/Identity.Application/Identity.Application.csproj" Id="b2871667-995e-4623-a785-b1a9af371e60" />
    <Project Path="Services/Identity/Identity.Domain/Identity.Domain.csproj" Id="02bd3fa2-ea70-4bf1-951c-f3341ead783d" />
    <Project Path="Services/Identity/Identity.Infrastructure/Identity.Infrastructure.csproj" Id="10e0d4b4-29a8-424b-bad3-aa80b20cde25" />
  </Folder>
  <Folder Name="/Services/Order &amp; Fulfillment/">
    <Project Path="Order &amp; Fulfillment Service/Order &amp; Fulfillment Service.csproj" />
  </Folder>
  <Folder Name="/Services/Payment/">
    <Project Path="Payment Service/Payment Service.csproj" />
  </Folder>
  <Project Path="API Gateway/API Gateway.csproj" />
  <Project Path="docker-compose.dcproj">
    <Build />
  </Project>
</Solution>
